version = 1
revision = 3
requires-python = "==3.12.*"

[options]
exclude-newer = "2026-07-18T00:00:00Z"

[[package]]
name = "flatbuffers"
version = "25.12.19"
source = { registry = "https://pypi.org/simple" }
wheels = [
    { url = "https://files.pythonhosted.org/packages/e8/2d/d2a548598be01649e2d46231d151a6c56d10b964d94043a335ae56ea2d92/flatbuffers-25.12.19-py2.py3-none-any.whl", hash = "sha256:7634f50c427838bb021c2d66a3d1168e9d199b0607e6329399f04846d42e20b4", size = 26661, upload-time = "2025-12-19T23:16:13.622Z" },
]

[[package]]
name = "numpy"
version = "2.5.1"
source = { registry = "https://pypi.org/simple" }
sdist = { url = "https://files.pythonhosted.org/packages/22/fd/89965aa4ac08c74998539fcbf24fa3540f3e15237fbeb6bcf9c908f4aade/numpy-2.5.1.tar.gz", hash = "sha256:a48a113e6afea91f5608793bafa7ef2ad481fefbda87ec5069f483de61cb9fa3", size = 20755553, upload-time = "2026-07-04T17:08:00.933Z" }
wheels = [
    { url = "https://files.pythonhosted.org/packages/62/7b/14687aa674250e5e546f616f486b0d56d3631cd5b2415739141ce40bdcea/numpy-2.5.1-cp312-cp312-macosx_10_13_x86_64.whl", hash = "sha256:2c889b56fe48b1018f764b0eec8df59ab654e9148aa91faa12596043500de277", size = 16801574, upload-time = "2026-07-04T17:06:12.423Z" },
    { url = "https://files.pythonhosted.org/packages/e1/19/cc5bb2a3f2913d27d6dbb2c78d25921fabaedc6741d4a5a615a11f3c5bf3/numpy-2.5.1-cp312-cp312-macosx_11_0_arm64.whl", hash = "sha256:ab451b59c5643c570974c43aef780703ef1d3b4965d2be07afd530615a9358d1", size = 11772250, upload-time = "2026-07-04T17:06:15.726Z" },
    { url = "https://files.pythonhosted.org/packages/42/77/fdf34a71dd30f54979b18603bee915e0aaf825b07afe79acd60b04b691e2/numpy-2.5.1-cp312-cp312-macosx_14_0_arm64.whl", hash = "sha256:78798bd5b9ad744056af8efa90e3b9ddaa53272a0848a483084a1cc0a13b2dc0", size = 5331516, upload-time = "2026-07-04T17:06:17.913Z" },
    { url = "https://files.pythonhosted.org/packages/ce/e2/eb7efa015b4cce41e2517bf182a7fce0d7d5b9d9ed76a29bfa0f4fe4505c/numpy-2.5.1-cp312-cp312-macosx_14_0_x86_64.whl", hash = "sha256:2ae0ca40bcb22d6ba59c1dfd5446f49940b0f2d821fde133f10dda11f816b84e", size = 6664863, upload-time = "2026-07-04T17:06:20.02Z" },
    { url = "https://files.pythonhosted.org/packages/a9/4b/a2b32dd94ee9ffbeecb28152240042a3949db33b1c834d44090b80e1b3b8/numpy-2.5.1-cp312-cp312-manylinux_2_27_aarch64.manylinux_2_28_aarch64.whl", hash = "sha256:61ac47e772e6b8ea489e1d2f441a34c5c3ac17327e7ce294cbdf535795ad4e75", size = 15167977, upload-time = "2026-07-04T17:06:21.621Z" },
    { url = "https://files.pythonhosted.org/packages/b8/a9/6e73d68500f80773f65f0654ea932019d6694329a0eb0ed0533de38df376/numpy-2.5.1-cp312-cp312-manylinux_2_27_x86_64.manylinux_2_28_x86_64.whl", hash = "sha256:59fda5e192b570217ec2580c96f00e9a7e12ef6866a900eb089b62c1a32545ca", size = 16672469, upload-time = "2026-07-04T17:06:24.064Z" },
    { url = "https://files.pythonhosted.org/packages/24/7d/ad3e59015135f5261c95fd4cafeff159c955febd83a99a1d9250c4233815/numpy-2.5.1-cp312-cp312-musllinux_1_2_aarch64.whl", hash = "sha256:f7119ebff1a9829e9f431a4f9d28e703023bb6b9fe7c8f724467dbfc27c94ab3", size = 16527531, upload-time = "2026-07-04T17:06:26.69Z" },
    { url = "https://files.pythonhosted.org/packages/83/d0/a39b2fbcde9cb17a1dac678f254b33a6336298af9df338824c685425d5e8/numpy-2.5.1-cp312-cp312-musllinux_1_2_x86_64.whl", hash = "sha256:e824c2acf8862052246be5a44c15da1777940c60d010dd2aab897824d9c430f9", size = 18431940, upload-time = "2026-07-04T17:06:29.521Z" },
    { url = "https://files.pythonhosted.org/packages/04/12/cff070947791c1ed425ff76413189adbdc2fbe215eba7ce7fa454a03c7f8/numpy-2.5.1-cp312-cp312-win32.whl", hash = "sha256:08d60c810432eb83360958dea0999ac4cfb94531ea8efcbf0b7f277c2068aeb2", size = 6066764, upload-time = "2026-07-04T17:06:32.571Z" },
    { url = "https://files.pythonhosted.org/packages/65/66/53f31807a48a750f9d748da273bc3fcedd12b27ff1f3e373bfec55ef2dc0/numpy-2.5.1-cp312-cp312-win_amd64.whl", hash = "sha256:f7d60026c0bdb1380e83bfa7a0419c4577ee4b9a08880afcb6dadeb74c649fa2", size = 12430966, upload-time = "2026-07-04T17:06:34.926Z" },
    { url = "https://files.pythonhosted.org/packages/2b/2a/d1a88066b1c14186f5d3c0d18c94f17b064511982bab0578d49ee9d43c29/numpy-2.5.1-cp312-cp312-win_arm64.whl", hash = "sha256:17a25e09640602e10bc8de0e6fa2b3fd68eedd84ba6d7842dc8f32f9ab87bd0b", size = 10350488, upload-time = "2026-07-04T17:06:37.785Z" },
]

[[package]]
name = "onnxruntime"
version = "1.27.0"
source = { registry = "https://pypi.org/simple" }
dependencies = [
    { name = "flatbuffers" },
    { name = "numpy" },
    { name = "packaging" },
    { name = "protobuf" },
]
wheels = [
    { url = "https://files.pythonhosted.org/packages/c3/b7/dd3a524ed93a820dff1af902d0412957ab12499953333e9daa01af5bc480/onnxruntime-1.27.0-cp312-cp312-macosx_14_0_arm64.whl", hash = "sha256:a14c2ce45312def86b77aea651f46565e45960cf5f0721bfdff449165086ab76", size = 18433506, upload-time = "2026-06-15T22:43:47.026Z" },
    { url = "https://files.pythonhosted.org/packages/84/86/c3b6b17745a1997d784dadc9bd88d713d2e6721139a5a0e885b28cfb79b1/onnxruntime-1.27.0-cp312-cp312-manylinux_2_27_aarch64.manylinux_2_28_aarch64.whl", hash = "sha256:c6fddce0539a4898c7bef35b052ffd37935b2190e35488eab99ce91887743ea1", size = 16438140, upload-time = "2026-06-15T22:42:40.666Z" },
    { url = "https://files.pythonhosted.org/packages/26/81/24dd9b31b0fb912ee19ca53ac1c9764bfd79d58a2ccef564eb693be831a5/onnxruntime-1.27.0-cp312-cp312-manylinux_2_27_x86_64.manylinux_2_28_x86_64.whl", hash = "sha256:7c65a7438632d55dfbc8a02ee60bd6cf7dd9d1ba05a43d4b851452f32338e194", size = 18658316, upload-time = "2026-06-15T22:43:04.012Z" },
    { url = "https://files.pythonhosted.org/packages/4f/88/8ec9db1a4d126bb8b758992beb40d1249df171917d75f44a327eb5f20dda/onnxruntime-1.27.0-cp312-cp312-win_amd64.whl", hash = "sha256:20c321cf187ba496e648acf6b4cf90b4d398b0d17c2a77fdaeba365b908cc1c1", size = 13358769, upload-time = "2026-06-15T22:43:34.581Z" },
    { url = "https://files.pythonhosted.org/packages/ae/9f/fdad359dfcba7e7cd8815569b304a596531d4efa77a75d77f8b4981891a2/onnxruntime-1.27.0-cp312-cp312-win_arm64.whl", hash = "sha256:d0d1f68868e2ef30ef70998ba9bbbc5c305e9b17041e3936751c1b8aa6aade06", size = 13104440, upload-time = "2026-06-15T22:43:22.893Z" },
]

[[package]]
name = "packaging"
version = "26.2"
source = { registry = "https://pypi.org/simple" }
sdist = { url = "https://files.pythonhosted.org/packages/d7/f1/e7a6dd94a8d4a5626c03e4e99c87f241ba9e350cd9e6d75123f992427270/packaging-26.2.tar.gz", hash = "sha256:ff452ff5a3e828ce110190feff1178bb1f2ea2281fa2075aadb987c2fb221661", size = 228134, upload-time = "2026-04-24T20:15:23.917Z" }
wheels = [
    { url = "https://files.pythonhosted.org/packages/df/b2/87e62e8c3e2f4b32e5fe99e0b86d576da1312593b39f47d8ceef365e95ed/packaging-26.2-py3-none-any.whl", hash = "sha256:5fc45236b9446107ff2415ce77c807cee2862cb6fac22b8a73826d0693b0980e", size = 100195, upload-time = "2026-04-24T20:15:22.081Z" },
]

[[package]]
name = "pathvalidate"
version = "3.3.1"
source = { registry = "https://pypi.org/simple" }
sdist = { url = "https://files.pythonhosted.org/packages/fa/2a/52a8da6fe965dea6192eb716b357558e103aea0a1e9a8352ad575a8406ca/pathvalidate-3.3.1.tar.gz", hash = "sha256:b18c07212bfead624345bb8e1d6141cdcf15a39736994ea0b94035ad2b1ba177", size = 63262, upload-time = "2025-06-15T09:07:20.736Z" }
wheels = [
    { url = "https://files.pythonhosted.org/packages/9a/70/875f4a23bfc4731703a5835487d0d2fb999031bd415e7d17c0ae615c18b7/pathvalidate-3.3.1-py3-none-any.whl", hash = "sha256:5263baab691f8e1af96092fa5137ee17df5bdfbd6cff1fcac4d6ef4bc2e1735f", size = 24305, upload-time = "2025-06-15T09:07:19.117Z" },
]

[[package]]
name = "piper-tts"
version = "1.4.2"
source = { registry = "https://pypi.org/simple" }
dependencies = [
    { name = "onnxruntime" },
    { name = "pathvalidate" },
]
sdist = { url = "https://files.pythonhosted.org/packages/86/53/3c636c4250e8cb489c50c6dda9d64400518e8c6600576850104b3232b562/piper_tts-1.4.2.tar.gz", hash = "sha256:dbe7e5391d7657f8a5f2b7ce7cdbafc5bbc559de2af15e5299ce298323eade51", size = 4364835, upload-time = "2026-04-02T21:17:11.062Z" }
wheels = [
    { url = "https://files.pythonhosted.org/packages/9c/27/5e309f1218296118e8e9ac22eeeddb0bb9a17095bd9eedcd26603eea7bf5/piper_tts-1.4.2-cp39-abi3-macosx_10_9_x86_64.whl", hash = "sha256:d996f9139c44a0bedb6a9ed45805c429a827c56ef9213933859349801fa7f4e1", size = 13822408, upload-time = "2026-04-02T21:16:57.92Z" },
    { url = "https://files.pythonhosted.org/packages/47/e1/84fcb36c7ac413bb22eb3bdda5f21861f02d0f436df0a9090949c9fec032/piper_tts-1.4.2-cp39-abi3-macosx_11_0_arm64.whl", hash = "sha256:138e6adf26a8e796f53866770ea30b666b65432a5e94857c2d9a8c473a8a1f90", size = 13830417, upload-time = "2026-04-02T21:17:00.665Z" },
    { url = "https://files.pythonhosted.org/packages/77/1c/260c65320df47fee582d78ad52d49d4195c5439a77b62e73306c2de835ea/piper_tts-1.4.2-cp39-abi3-manylinux_2_17_aarch64.manylinux2014_aarch64.manylinux_2_28_aarch64.whl", hash = "sha256:6736329f1ef58c39272215849dffdacae601201480b08a0c892938fa4d7c8c67", size = 13841991, upload-time = "2026-04-02T21:17:03.251Z" },
    { url = "https://files.pythonhosted.org/packages/a7/58/7b7cbd7e570ac6eb8dbfc22de94d1457863b97876c1cb6a926e959423fb2/piper_tts-1.4.2-cp39-abi3-manylinux_2_17_x86_64.manylinux2014_x86_64.manylinux_2_28_x86_64.whl", hash = "sha256:b17184a664bd9431ce95c138f4bfb3025e1280cf26075a703dbfdcab989b8ee3", size = 13841872, upload-time = "2026-04-02T21:17:06.208Z" },
    { url = "https://files.pythonhosted.org/packages/c5/5a/fda959ca07554a8ec3e380b168e79fff16f3020f4956c356a613616c1994/piper_tts-1.4.2-cp39-abi3-win_amd64.whl", hash = "sha256:9c4a3a11f5889ea9d0df4414dce2bd9bee5ce7d9cf604c8fd5e307441d4c031f", size = 13831944, upload-time = "2026-04-02T21:17:08.755Z" },
]

[[package]]
name = "protobuf"
version = "7.35.1"
source = { registry = "https://pypi.org/simple" }
sdist = { url = "https://files.pythonhosted.org/packages/da/01/9ef0afd7999eb9badb3a768b4aedd78c86d4c65cfaf1958ab276199e76b4/protobuf-7.35.1.tar.gz", hash = "sha256:ce115a26fe0c39a2c29973d914d327e516a6455464489fe3cd1e51a1b354f81a", size = 458717, upload-time = "2026-06-11T21:55:40.257Z" }
wheels = [
    { url = "https://files.pythonhosted.org/packages/10/03/8aeeb7458d22546bf64b5250ca1daeb5ff757d900e8e4a7476c6f0db843e/protobuf-7.35.1-cp310-abi3-macosx_10_9_universal2.whl", hash = "sha256:24f857477359a85c0c235261b8ba905fd51b2562f4a64ca1df5473f29850cbf6", size = 433226, upload-time = "2026-06-11T21:55:31.719Z" },
    { url = "https://files.pythonhosted.org/packages/37/4b/dfb89eb0e652a1ff073c39a59fb5e3a83cfe9b57a2c83fa6d78270101767/protobuf-7.35.1-cp310-abi3-manylinux2014_aarch64.whl", hash = "sha256:11d6b0ec246892d85215b0a13ca6e0233cf5284b68f0ac02646427f4ff88a799", size = 328847, upload-time = "2026-06-11T21:55:34.035Z" },
    { url = "https://files.pythonhosted.org/packages/0f/58/dc12f2cd484951524af6e3382c785869b9b3fb5e52ee95ae23add53ee8f9/protobuf-7.35.1-cp310-abi3-manylinux2014_s390x.whl", hash = "sha256:b73f9489a4b8b1c9cb1f8ed951c736392592edb24b9d6819f36d2e10b171d5b4", size = 344030, upload-time = "2026-06-11T21:55:34.941Z" },
    { url = "https://files.pythonhosted.org/packages/e4/be/5b3cfe508bfab6761414ff944e3366eb13be4fd71efcd69450f89ba39f43/protobuf-7.35.1-cp310-abi3-manylinux2014_x86_64.whl", hash = "sha256:74758715c53d7158fb76caf4f0cfdacc5329a4b1bb994f865d6cf302d413a1c4", size = 327130, upload-time = "2026-06-11T21:55:35.921Z" },
    { url = "https://files.pythonhosted.org/packages/d8/bc/6d6c7ba8709c85f8f2c390b2b118d6fb08a783676a572271851bf45a7d22/protobuf-7.35.1-cp310-abi3-win32.whl", hash = "sha256:353652e4efd0bca5b5fc2656abf8307ef351f0cf938c9eba09f0e09c20a25c30", size = 428945, upload-time = "2026-06-11T21:55:37.034Z" },
    { url = "https://files.pythonhosted.org/packages/0a/19/8d0cb6f20a1ef7b18f1c8986ad5783f22f84cce39c6ce9a6e645ea55192e/protobuf-7.35.1-cp310-abi3-win_amd64.whl", hash = "sha256:230a75ddfc2de4806e56696ce9640c1cdfdb6543b7cfce98d42a4c0a0e7bdb87", size = 439996, upload-time = "2026-06-11T21:55:38.123Z" },
    { url = "https://files.pythonhosted.org/packages/19/c7/5f7c636ec43e0c545e28d1f1db71990108306f7bdcb89f069ba97e428e7f/protobuf-7.35.1-py3-none-any.whl", hash = "sha256:4bc97768d8fe4ad6743c8a19403e314511ed9f6d13205b687e52421c023ac1b9", size = 171659, upload-time = "2026-06-11T21:55:39.155Z" },
]

[[package]]
name = "voxleaf-benchmark-piper-1-4-2-cpu"
version = "0.0.0"
source = { virtual = "." }
dependencies = [
    { name = "piper-tts" },
]

[package.metadata]
requires-dist = [{ name = "piper-tts", specifier = "==1.4.2" }]
